// !$*UTF8*$!
{
	archiveVersion = 1;
	classes = {
	};
	objectVersion = 56;
	objects = {

/* Begin PBXBuildFile section */
		94EA02802A3784D300959697 /* HomeViewController.swift in Sources */ = {isa = PBXBuildFile; fileRef = 94EA027F2A3784D300959697 /* HomeViewController.swift */; };
		94EA02852A383C8D00959697 /* SectionHeader.swift in Sources */ = {isa = PBXBuildFile; fileRef = 94EA02842A383C8D00959697 /* SectionHeader.swift */; };
		94EA02872A38415900959697 /* NewSongsCell.swift in Sources */ = {isa = PBXBuildFile; fileRef = 94EA02862A38415900959697 /* NewSongsCell.swift */; };
		94EA02892A38416D00959697 /* PopularAlbumCell.swift in Sources */ = {isa = PBXBuildFile; fileRef = 94EA02882A38416D00959697 /* PopularAlbumCell.swift */; };
		94EA028B2A38418100959697 /* RecentlyMusicCell.swift in Sources */ = {isa = PBXBuildFile; fileRef = 94EA028A2A38418100959697 /* RecentlyMusicCell.swift */; };
		94EA028E2A386FF600959697 /* SongModel.swift in Sources */ = {isa = PBXBuildFile; fileRef = 94EA028D2A386FF500959697 /* SongModel.swift */; };
		C822CAB52A36203200CAA5E0 /* AppDelegate.swift in Sources */ = {isa = PBXBuildFile; fileRef = C822CAB42A36203200CAA5E0 /* AppDelegate.swift */; };
		C822CAB72A36203200CAA5E0 /* SceneDelegate.swift in Sources */ = {isa = PBXBuildFile; fileRef = C822CAB62A36203200CAA5E0 /* SceneDelegate.swift */; };
		C822CAB92A36203200CAA5E0 /* MainViewController.swift in Sources */ = {isa = PBXBuildFile; fileRef = C822CAB82A36203200CAA5E0 /* MainViewController.swift */; };
		C822CABE2A36203400CAA5E0 /* Assets.xcassets in Resources */ = {isa = PBXBuildFile; fileRef = C822CABD2A36203400CAA5E0 /* Assets.xcassets */; };
		C822CAC12A36203400CAA5E0 /* LaunchScreen.storyboard in Resources */ = {isa = PBXBuildFile; fileRef = C822CABF2A36203400CAA5E0 /* LaunchScreen.storyboard */; };
		C822CACC2A36203500CAA5E0 /* MusiqueTests.swift in Sources */ = {isa = PBXBuildFile; fileRef = C822CACB2A36203500CAA5E0 /* MusiqueTests.swift */; };
		C822CAD62A36203500CAA5E0 /* MusiqueUITests.swift in Sources */ = {isa = PBXBuildFile; fileRef = C822CAD52A36203500CAA5E0 /* MusiqueUITests.swift */; };
		C822CAD82A36203500CAA5E0 /* MusiqueUITestsLaunchTests.swift in Sources */ = {isa = PBXBuildFile; fileRef = C822CAD72A36203500CAA5E0 /* MusiqueUITestsLaunchTests.swift */; };
		C822CAEB2A362CD200CAA5E0 /* Kingfisher in Frameworks */ = {isa = PBXBuildFile; productRef = C822CAEA2A362CD200CAA5E0 /* Kingfisher */; };
		C86BD8B82A362EFD00FBD6FA /* FirebaseAuth in Frameworks */ = {isa = PBXBuildFile; productRef = C86BD8B72A362EFD00FBD6FA /* FirebaseAuth */; };
		C86BD8BA2A3630E700FBD6FA /* GoogleService-Info.plist in Resources */ = {isa = PBXBuildFile; fileRef = C86BD8B92A3630E700FBD6FA /* GoogleService-Info.plist */; };
		C86BD8BD2A36334B00FBD6FA /* UIFont+Extension.swift in Sources */ = {isa = PBXBuildFile; fileRef = C86BD8BC2A36334B00FBD6FA /* UIFont+Extension.swift */; };
		C86BD8BF2A36336F00FBD6FA /* UIColor+Extension.swift in Sources */ = {isa = PBXBuildFile; fileRef = C86BD8BE2A36336E00FBD6FA /* UIColor+Extension.swift */; };
		C86BD8C22A36353400FBD6FA /* Realm in Frameworks */ = {isa = PBXBuildFile; productRef = C86BD8C12A36353400FBD6FA /* Realm */; };
		C86BD8C42A36353400FBD6FA /* RealmSwift in Frameworks */ = {isa = PBXBuildFile; productRef = C86BD8C32A36353400FBD6FA /* RealmSwift */; };
		C86BD8CC2A366A8900FBD6FA /* Montserrat-Medium.ttf in Resources */ = {isa = PBXBuildFile; fileRef = C86BD8C92A36635D00FBD6FA /* Montserrat-Medium.ttf */; };
		C86BD8CD2A366A8D00FBD6FA /* Montserrat-Regular.ttf in Resources */ = {isa = PBXBuildFile; fileRef = C86BD8CA2A36636A00FBD6FA /* Montserrat-Regular.ttf */; };
		C86BD8CE2A366A9000FBD6FA /* Montserrat-SemiBold.ttf in Resources */ = {isa = PBXBuildFile; fileRef = C86BD8CB2A36637400FBD6FA /* Montserrat-SemiBold.ttf */; };
		C86BD8CF2A366A9300FBD6FA /* Roboto-Bold.ttf in Resources */ = {isa = PBXBuildFile; fileRef = C86BD8C62A36623A00FBD6FA /* Roboto-Bold.ttf */; };
		C86BD8D02A366A9600FBD6FA /* Roboto-Medium.ttf in Resources */ = {isa = PBXBuildFile; fileRef = C86BD8C72A36624900FBD6FA /* Roboto-Medium.ttf */; };
		C86BD8D12A366A9900FBD6FA /* Roboto-Regular.ttf in Resources */ = {isa = PBXBuildFile; fileRef = C86BD8C82A36625500FBD6FA /* Roboto-Regular.ttf */; };
		C86BD8D32A37189100FBD6FA /* Builder.swift in Sources */ = {isa = PBXBuildFile; fileRef = C86BD8D22A37189100FBD6FA /* Builder.swift */; };
/* End PBXBuildFile section */

/* Begin PBXContainerItemProxy section */
		C822CAC82A36203500CAA5E0 /* PBXContainerItemProxy */ = {
			isa = PBXContainerItemProxy;
			containerPortal = C822CAA92A36203200CAA5E0 /* Project object */;
			proxyType = 1;
			remoteGlobalIDString = C822CAB02A36203200CAA5E0;
			remoteInfo = Musique;
		};
		C822CAD22A36203500CAA5E0 /* PBXContainerItemProxy */ = {
			isa = PBXContainerItemProxy;
			containerPortal = C822CAA92A36203200CAA5E0 /* Project object */;
			proxyType = 1;
			remoteGlobalIDString = C822CAB02A36203200CAA5E0;
			remoteInfo = Musique;
		};
/* End PBXContainerItemProxy section */

/* Begin PBXFileReference section */
		94EA027F2A3784D300959697 /* HomeViewController.swift */ = {isa = PBXFileReference; lastKnownFileType = sourcecode.swift; path = HomeViewController.swift; sourceTree = "<group>"; };
		94EA02842A383C8D00959697 /* SectionHeader.swift */ = {isa = PBXFileReference; lastKnownFileType = sourcecode.swift; path = SectionHeader.swift; sourceTree = "<group>"; };
		94EA02862A38415900959697 /* NewSongsCell.swift */ = {isa = PBXFileReference; lastKnownFileType = sourcecode.swift; path = NewSongsCell.swift; sourceTree = "<group>"; };
		94EA02882A38416D00959697 /* PopularAlbumCell.swift */ = {isa = PBXFileReference; lastKnownFileType = sourcecode.swift; path = PopularAlbumCell.swift; sourceTree = "<group>"; };
		94EA028A2A38418100959697 /* RecentlyMusicCell.swift */ = {isa = PBXFileReference; lastKnownFileType = sourcecode.swift; path = RecentlyMusicCell.swift; sourceTree = "<group>"; };
		94EA028D2A386FF500959697 /* SongModel.swift */ = {isa = PBXFileReference; lastKnownFileType = sourcecode.swift; path = SongModel.swift; sourceTree = "<group>"; };
		C822CAB12A36203200CAA5E0 /* Musique.app */ = {isa = PBXFileReference; explicitFileType = wrapper.application; includeInIndex = 0; path = Musique.app; sourceTree = BUILT_PRODUCTS_DIR; };
		C822CAB42A36203200CAA5E0 /* AppDelegate.swift */ = {isa = PBXFileReference; lastKnownFileType = sourcecode.swift; path = AppDelegate.swift; sourceTree = "<group>"; };
		C822CAB62A36203200CAA5E0 /* SceneDelegate.swift */ = {isa = PBXFileReference; lastKnownFileType = sourcecode.swift; path = SceneDelegate.swift; sourceTree = "<group>"; };
		C822CAB82A36203200CAA5E0 /* MainViewController.swift */ = {isa = PBXFileReference; lastKnownFileType = sourcecode.swift; path = MainViewController.swift; sourceTree = "<group>"; };
		C822CABD2A36203400CAA5E0 /* Assets.xcassets */ = {isa = PBXFileReference; lastKnownFileType = folder.assetcatalog; path = Assets.xcassets; sourceTree = "<group>"; };
		C822CAC02A36203400CAA5E0 /* Base */ = {isa = PBXFileReference; lastKnownFileType = file.storyboard; name = Base; path = Base.lproj/LaunchScreen.storyboard; sourceTree = "<group>"; };
		C822CAC22A36203400CAA5E0 /* Info.plist */ = {isa = PBXFileReference; lastKnownFileType = text.plist.xml; path = Info.plist; sourceTree = "<group>"; };
		C822CAC72A36203500CAA5E0 /* MusiqueTests.xctest */ = {isa = PBXFileReference; explicitFileType = wrapper.cfbundle; includeInIndex = 0; path = MusiqueTests.xctest; sourceTree = BUILT_PRODUCTS_DIR; };
		C822CACB2A36203500CAA5E0 /* MusiqueTests.swift */ = {isa = PBXFileReference; lastKnownFileType = sourcecode.swift; path = MusiqueTests.swift; sourceTree = "<group>"; };
		C822CAD12A36203500CAA5E0 /* MusiqueUITests.xctest */ = {isa = PBXFileReference; explicitFileType = wrapper.cfbundle; includeInIndex = 0; path = MusiqueUITests.xctest; sourceTree = BUILT_PRODUCTS_DIR; };
		C822CAD52A36203500CAA5E0 /* MusiqueUITests.swift */ = {isa = PBXFileReference; lastKnownFileType = sourcecode.swift; path = MusiqueUITests.swift; sourceTree = "<group>"; };
		C822CAD72A36203500CAA5E0 /* MusiqueUITestsLaunchTests.swift */ = {isa = PBXFileReference; lastKnownFileType = sourcecode.swift; path = MusiqueUITestsLaunchTests.swift; sourceTree = "<group>"; };
		C86BD8B92A3630E700FBD6FA /* GoogleService-Info.plist */ = {isa = PBXFileReference; fileEncoding = 4; lastKnownFileType = text.plist.xml; path = "GoogleService-Info.plist"; sourceTree = "<group>"; };
		C86BD8BC2A36334B00FBD6FA /* UIFont+Extension.swift */ = {isa = PBXFileReference; lastKnownFileType = sourcecode.swift; path = "UIFont+Extension.swift"; sourceTree = "<group>"; };
		C86BD8BE2A36336E00FBD6FA /* UIColor+Extension.swift */ = {isa = PBXFileReference; lastKnownFileType = sourcecode.swift; path = "UIColor+Extension.swift"; sourceTree = "<group>"; };
		C86BD8C62A36623A00FBD6FA /* Roboto-Bold.ttf */ = {isa = PBXFileReference; lastKnownFileType = file; path = "Roboto-Bold.ttf"; sourceTree = "<group>"; };
		C86BD8C72A36624900FBD6FA /* Roboto-Medium.ttf */ = {isa = PBXFileReference; lastKnownFileType = file; path = "Roboto-Medium.ttf"; sourceTree = "<group>"; };
		C86BD8C82A36625500FBD6FA /* Roboto-Regular.ttf */ = {isa = PBXFileReference; lastKnownFileType = file; path = "Roboto-Regular.ttf"; sourceTree = "<group>"; };
		C86BD8C92A36635D00FBD6FA /* Montserrat-Medium.ttf */ = {isa = PBXFileReference; lastKnownFileType = file; path = "Montserrat-Medium.ttf"; sourceTree = "<group>"; };
		C86BD8CA2A36636A00FBD6FA /* Montserrat-Regular.ttf */ = {isa = PBXFileReference; lastKnownFileType = file; path = "Montserrat-Regular.ttf"; sourceTree = "<group>"; };
		C86BD8CB2A36637400FBD6FA /* Montserrat-SemiBold.ttf */ = {isa = PBXFileReference; lastKnownFileType = file; path = "Montserrat-SemiBold.ttf"; sourceTree = "<group>"; };
		C86BD8D22A37189100FBD6FA /* Builder.swift */ = {isa = PBXFileReference; lastKnownFileType = sourcecode.swift; path = Builder.swift; sourceTree = "<group>"; };
/* End PBXFileReference section */

/* Begin PBXFrameworksBuildPhase section */
		C822CAAE2A36203200CAA5E0 /* Frameworks */ = {
			isa = PBXFrameworksBuildPhase;
			buildActionMask = 2147483647;
			files = (
				C86BD8C42A36353400FBD6FA /* RealmSwift in Frameworks */,
				C86BD8C22A36353400FBD6FA /* Realm in Frameworks */,
				C822CAEB2A362CD200CAA5E0 /* Kingfisher in Frameworks */,
				C86BD8B82A362EFD00FBD6FA /* FirebaseAuth in Frameworks */,
			);
			runOnlyForDeploymentPostprocessing = 0;
		};
		C822CAC42A36203500CAA5E0 /* Frameworks */ = {
			isa = PBXFrameworksBuildPhase;
			buildActionMask = 2147483647;
			files = (
			);
			runOnlyForDeploymentPostprocessing = 0;
		};
		C822CACE2A36203500CAA5E0 /* Frameworks */ = {
			isa = PBXFrameworksBuildPhase;
			buildActionMask = 2147483647;
			files = (
			);
			runOnlyForDeploymentPostprocessing = 0;
		};
/* End PBXFrameworksBuildPhase section */

/* Begin PBXGroup section */
		94EA02812A3784DE00959697 /* Home */ = {
			isa = PBXGroup;
			children = (
				94EA028C2A386FC700959697 /* Model */,
				94EA02832A383C5C00959697 /* Controllers */,
				94EA02822A383C5700959697 /* VIews */,
			);
			path = Home;
			sourceTree = "<group>";
		};
		94EA02822A383C5700959697 /* VIews */ = {
			isa = PBXGroup;
			children = (
				94EA02842A383C8D00959697 /* SectionHeader.swift */,
				94EA02862A38415900959697 /* NewSongsCell.swift */,
				94EA02882A38416D00959697 /* PopularAlbumCell.swift */,
				94EA028A2A38418100959697 /* RecentlyMusicCell.swift */,
			);
			path = VIews;
			sourceTree = "<group>";
		};
		94EA02832A383C5C00959697 /* Controllers */ = {
			isa = PBXGroup;
			children = (
				94EA027F2A3784D300959697 /* HomeViewController.swift */,
			);
			path = Controllers;
			sourceTree = "<group>";
		};
		94EA028C2A386FC700959697 /* Model */ = {
			isa = PBXGroup;
			children = (
				94EA028D2A386FF500959697 /* SongModel.swift */,
			);
			path = Model;
			sourceTree = "<group>";
		};
		C822CAA82A36203200CAA5E0 = {
			isa = PBXGroup;
			children = (
				C822CAB32A36203200CAA5E0 /* Musique */,
				C822CACA2A36203500CAA5E0 /* MusiqueTests */,
				C822CAD42A36203500CAA5E0 /* MusiqueUITests */,
				C822CAB22A36203200CAA5E0 /* Products */,
			);
			sourceTree = "<group>";
		};
		C822CAB22A36203200CAA5E0 /* Products */ = {
			isa = PBXGroup;
			children = (
				C822CAB12A36203200CAA5E0 /* Musique.app */,
				C822CAC72A36203500CAA5E0 /* MusiqueTests.xctest */,
				C822CAD12A36203500CAA5E0 /* MusiqueUITests.xctest */,
			);
			name = Products;
			sourceTree = "<group>";
		};
		C822CAB32A36203200CAA5E0 /* Musique */ = {
			isa = PBXGroup;
			children = (
				C822CAE42A36204100CAA5E0 /* Application */,
				C822CAE52A36205400CAA5E0 /* Modules */,
				C822CAE62A36207300CAA5E0 /* Resourses */,
				C822CAE72A36208300CAA5E0 /* Plist */,
			);
			path = Musique;
			sourceTree = "<group>";
		};
		C822CACA2A36203500CAA5E0 /* MusiqueTests */ = {
			isa = PBXGroup;
			children = (
				C822CACB2A36203500CAA5E0 /* MusiqueTests.swift */,
			);
			path = MusiqueTests;
			sourceTree = "<group>";
		};
		C822CAD42A36203500CAA5E0 /* MusiqueUITests */ = {
			isa = PBXGroup;
			children = (
				C822CAD52A36203500CAA5E0 /* MusiqueUITests.swift */,
				C822CAD72A36203500CAA5E0 /* MusiqueUITestsLaunchTests.swift */,
			);
			path = MusiqueUITests;
			sourceTree = "<group>";
		};
		C822CAE42A36204100CAA5E0 /* Application */ = {
			isa = PBXGroup;
			children = (
				C822CAB42A36203200CAA5E0 /* AppDelegate.swift */,
				C822CAB62A36203200CAA5E0 /* SceneDelegate.swift */,
				C86BD8D22A37189100FBD6FA /* Builder.swift */,
			);
			path = Application;
			sourceTree = "<group>";
		};
		C822CAE52A36205400CAA5E0 /* Modules */ = {
			isa = PBXGroup;
			children = (
				94EA02812A3784DE00959697 /* Home */,
				C822CAE82A362A4900CAA5E0 /* Main */,
			);
			path = Modules;
			sourceTree = "<group>";
		};
		C822CAE62A36207300CAA5E0 /* Resourses */ = {
			isa = PBXGroup;
			children = (
				C86BD8C52A36622500FBD6FA /* Fonts */,
				C86BD8BB2A36330800FBD6FA /* Extensions */,
				C822CABD2A36203400CAA5E0 /* Assets.xcassets */,
				C822CABF2A36203400CAA5E0 /* LaunchScreen.storyboard */,
			);
			path = Resourses;
			sourceTree = "<group>";
		};
		C822CAE72A36208300CAA5E0 /* Plist */ = {
			isa = PBXGroup;
			children = (
				C86BD8B92A3630E700FBD6FA /* GoogleService-Info.plist */,
				C822CAC22A36203400CAA5E0 /* Info.plist */,
			);
			name = Plist;
			sourceTree = "<group>";
		};
		C822CAE82A362A4900CAA5E0 /* Main */ = {
			isa = PBXGroup;
			children = (
				C822CAB82A36203200CAA5E0 /* MainViewController.swift */,
			);
			path = Main;
			sourceTree = "<group>";
		};
		C86BD8BB2A36330800FBD6FA /* Extensions */ = {
			isa = PBXGroup;
			children = (
				C86BD8BC2A36334B00FBD6FA /* UIFont+Extension.swift */,
				C86BD8BE2A36336E00FBD6FA /* UIColor+Extension.swift */,
			);
			path = Extensions;
			sourceTree = "<group>";
		};
		C86BD8C52A36622500FBD6FA /* Fonts */ = {
			isa = PBXGroup;
			children = (
				C86BD8C92A36635D00FBD6FA /* Montserrat-Medium.ttf */,
				C86BD8CA2A36636A00FBD6FA /* Montserrat-Regular.ttf */,
				C86BD8CB2A36637400FBD6FA /* Montserrat-SemiBold.ttf */,
				C86BD8C62A36623A00FBD6FA /* Roboto-Bold.ttf */,
				C86BD8C72A36624900FBD6FA /* Roboto-Medium.ttf */,
				C86BD8C82A36625500FBD6FA /* Roboto-Regular.ttf */,
			);
			path = Fonts;
			sourceTree = "<group>";
		};
/* End PBXGroup section */

/* Begin PBXNativeTarget section */
		C822CAB02A36203200CAA5E0 /* Musique */ = {
			isa = PBXNativeTarget;
			buildConfigurationList = C822CADB2A36203500CAA5E0 /* Build configuration list for PBXNativeTarget "Musique" */;
			buildPhases = (
				C822CAAD2A36203200CAA5E0 /* Sources */,
				C822CAAE2A36203200CAA5E0 /* Frameworks */,
				C822CAAF2A36203200CAA5E0 /* Resources */,
			);
			buildRules = (
			);
			dependencies = (
			);
			name = Musique;
			packageProductDependencies = (
				C822CAEA2A362CD200CAA5E0 /* Kingfisher */,
				C86BD8B72A362EFD00FBD6FA /* FirebaseAuth */,
				C86BD8C12A36353400FBD6FA /* Realm */,
				C86BD8C32A36353400FBD6FA /* RealmSwift */,
			);
			productName = Musique;
			productReference = C822CAB12A36203200CAA5E0 /* Musique.app */;
			productType = "com.apple.product-type.application";
		};
		C822CAC62A36203500CAA5E0 /* MusiqueTests */ = {
			isa = PBXNativeTarget;
			buildConfigurationList = C822CADE2A36203500CAA5E0 /* Build configuration list for PBXNativeTarget "MusiqueTests" */;
			buildPhases = (
				C822CAC32A36203500CAA5E0 /* Sources */,
				C822CAC42A36203500CAA5E0 /* Frameworks */,
				C822CAC52A36203500CAA5E0 /* Resources */,
			);
			buildRules = (
			);
			dependencies = (
				C822CAC92A36203500CAA5E0 /* PBXTargetDependency */,
			);
			name = MusiqueTests;
			productName = MusiqueTests;
			productReference = C822CAC72A36203500CAA5E0 /* MusiqueTests.xctest */;
			productType = "com.apple.product-type.bundle.unit-test";
		};
		C822CAD02A36203500CAA5E0 /* MusiqueUITests */ = {
			isa = PBXNativeTarget;
			buildConfigurationList = C822CAE12A36203500CAA5E0 /* Build configuration list for PBXNativeTarget "MusiqueUITests" */;
			buildPhases = (
				C822CACD2A36203500CAA5E0 /* Sources */,
				C822CACE2A36203500CAA5E0 /* Frameworks */,
				C822CACF2A36203500CAA5E0 /* Resources */,
			);
			buildRules = (
			);
			dependencies = (
				C822CAD32A36203500CAA5E0 /* PBXTargetDependency */,
			);
			name = MusiqueUITests;
			productName = MusiqueUITests;
			productReference = C822CAD12A36203500CAA5E0 /* MusiqueUITests.xctest */;
			productType = "com.apple.product-type.bundle.ui-testing";
		};
/* End PBXNativeTarget section */

/* Begin PBXProject section */
		C822CAA92A36203200CAA5E0 /* Project object */ = {
			isa = PBXProject;
			attributes = {
				BuildIndependentTargetsInParallel = 1;
				LastSwiftUpdateCheck = 1430;
				LastUpgradeCheck = 1430;
				TargetAttributes = {
					C822CAB02A36203200CAA5E0 = {
						CreatedOnToolsVersion = 14.3;
					};
					C822CAC62A36203500CAA5E0 = {
						CreatedOnToolsVersion = 14.3;
						TestTargetID = C822CAB02A36203200CAA5E0;
					};
					C822CAD02A36203500CAA5E0 = {
						CreatedOnToolsVersion = 14.3;
						TestTargetID = C822CAB02A36203200CAA5E0;
					};
				};
			};
			buildConfigurationList = C822CAAC2A36203200CAA5E0 /* Build configuration list for PBXProject "Musique" */;
			compatibilityVersion = "Xcode 14.0";
			developmentRegion = en;
			hasScannedForEncodings = 0;
			knownRegions = (
				en,
				Base,
			);
			mainGroup = C822CAA82A36203200CAA5E0;
			packageReferences = (
				C822CAE92A362CD200CAA5E0 /* XCRemoteSwiftPackageReference "Kingfisher" */,
				C86BD8B62A362EFD00FBD6FA /* XCRemoteSwiftPackageReference "firebase-ios-sdk" */,
				C86BD8C02A36353400FBD6FA /* XCRemoteSwiftPackageReference "realm-swift" */,
			);
			productRefGroup = C822CAB22A36203200CAA5E0 /* Products */;
			projectDirPath = "";
			projectRoot = "";
			targets = (
				C822CAB02A36203200CAA5E0 /* Musique */,
				C822CAC62A36203500CAA5E0 /* MusiqueTests */,
				C822CAD02A36203500CAA5E0 /* MusiqueUITests */,
			);
		};
/* End PBXProject section */

/* Begin PBXResourcesBuildPhase section */
		C822CAAF2A36203200CAA5E0 /* Resources */ = {
			isa = PBXResourcesBuildPhase;
			buildActionMask = 2147483647;
			files = (
				C86BD8D02A366A9600FBD6FA /* Roboto-Medium.ttf in Resources */,
				C86BD8CF2A366A9300FBD6FA /* Roboto-Bold.ttf in Resources */,
				C86BD8CE2A366A9000FBD6FA /* Montserrat-SemiBold.ttf in Resources */,
				C822CAC12A36203400CAA5E0 /* LaunchScreen.storyboard in Resources */,
				C822CABE2A36203400CAA5E0 /* Assets.xcassets in Resources */,
				C86BD8CC2A366A8900FBD6FA /* Montserrat-Medium.ttf in Resources */,
				C86BD8D12A366A9900FBD6FA /* Roboto-Regular.ttf in Resources */,
				C86BD8CD2A366A8D00FBD6FA /* Montserrat-Regular.ttf in Resources */,
				C86BD8BA2A3630E700FBD6FA /* GoogleService-Info.plist in Resources */,
			);
			runOnlyForDeploymentPostprocessing = 0;
		};
		C822CAC52A36203500CAA5E0 /* Resources */ = {
			isa = PBXResourcesBuildPhase;
			buildActionMask = 2147483647;
			files = (
			);
			runOnlyForDeploymentPostprocessing = 0;
		};
		C822CACF2A36203500CAA5E0 /* Resources */ = {
			isa = PBXResourcesBuildPhase;
			buildActionMask = 2147483647;
			files = (
			);
			runOnlyForDeploymentPostprocessing = 0;
		};
/* End PBXResourcesBuildPhase section */

/* Begin PBXSourcesBuildPhase section */
		C822CAAD2A36203200CAA5E0 /* Sources */ = {
			isa = PBXSourcesBuildPhase;
			buildActionMask = 2147483647;
			files = (
				C822CAB92A36203200CAA5E0 /* MainViewController.swift in Sources */,
				C822CAB52A36203200CAA5E0 /* AppDelegate.swift in Sources */,
				C86BD8BF2A36336F00FBD6FA /* UIColor+Extension.swift in Sources */,
				94EA028B2A38418100959697 /* RecentlyMusicCell.swift in Sources */,
				94EA02872A38415900959697 /* NewSongsCell.swift in Sources */,
				C86BD8BD2A36334B00FBD6FA /* UIFont+Extension.swift in Sources */,
				94EA028E2A386FF600959697 /* SongModel.swift in Sources */,
				94EA02852A383C8D00959697 /* SectionHeader.swift in Sources */,
				C822CAB72A36203200CAA5E0 /* SceneDelegate.swift in Sources */,
				94EA02802A3784D300959697 /* HomeViewController.swift in Sources */,
				C86BD8D32A37189100FBD6FA /* Builder.swift in Sources */,
				94EA02892A38416D00959697 /* PopularAlbumCell.swift in Sources */,
			);
			runOnlyForDeploymentPostprocessing = 0;
		};
		C822CAC32A36203500CAA5E0 /* Sources */ = {
			isa = PBXSourcesBuildPhase;
			buildActionMask = 2147483647;
			files = (
				C822CACC2A36203500CAA5E0 /* MusiqueTests.swift in Sources */,
			);
			runOnlyForDeploymentPostprocessing = 0;
		};
		C822CACD2A36203500CAA5E0 /* Sources */ = {
			isa = PBXSourcesBuildPhase;
			buildActionMask = 2147483647;
			files = (
				C822CAD82A36203500CAA5E0 /* MusiqueUITestsLaunchTests.swift in Sources */,
				C822CAD62A36203500CAA5E0 /* MusiqueUITests.swift in Sources */,
			);
			runOnlyForDeploymentPostprocessing = 0;
		};
/* End PBXSourcesBuildPhase section */

/* Begin PBXTargetDependency section */
		C822CAC92A36203500CAA5E0 /* PBXTargetDependency */ = {
			isa = PBXTargetDependency;
			target = C822CAB02A36203200CAA5E0 /* Musique */;
			targetProxy = C822CAC82A36203500CAA5E0 /* PBXContainerItemProxy */;
		};
		C822CAD32A36203500CAA5E0 /* PBXTargetDependency */ = {
			isa = PBXTargetDependency;
			target = C822CAB02A36203200CAA5E0 /* Musique */;
			targetProxy = C822CAD22A36203500CAA5E0 /* PBXContainerItemProxy */;
		};
/* End PBXTargetDependency section */

/* Begin PBXVariantGroup section */
		C822CABF2A36203400CAA5E0 /* LaunchScreen.storyboard */ = {
			isa = PBXVariantGroup;
			children = (
				C822CAC02A36203400CAA5E0 /* Base */,
			);
			name = LaunchScreen.storyboard;
			sourceTree = "<group>";
		};
/* End PBXVariantGroup section */

/* Begin XCBuildConfiguration section */
		C822CAD92A36203500CAA5E0 /* Debug */ = {
			isa = XCBuildConfiguration;
			buildSettings = {
				ALWAYS_SEARCH_USER_PATHS = NO;
				CLANG_ANALYZER_NONNULL = YES;
				CLANG_ANALYZER_NUMBER_OBJECT_CONVERSION = YES_AGGRESSIVE;
				CLANG_CXX_LANGUAGE_STANDARD = "gnu++20";
				CLANG_ENABLE_MODULES = YES;
				CLANG_ENABLE_OBJC_ARC = YES;
				CLANG_ENABLE_OBJC_WEAK = YES;
				CLANG_WARN_BLOCK_CAPTURE_AUTORELEASING = YES;
				CLANG_WARN_BOOL_CONVERSION = YES;
				CLANG_WARN_COMMA = YES;
				CLANG_WARN_CONSTANT_CONVERSION = YES;
				CLANG_WARN_DEPRECATED_OBJC_IMPLEMENTATIONS = YES;
				CLANG_WARN_DIRECT_OBJC_ISA_USAGE = YES_ERROR;
				CLANG_WARN_DOCUMENTATION_COMMENTS = YES;
				CLANG_WARN_EMPTY_BODY = YES;
				CLANG_WARN_ENUM_CONVERSION = YES;
				CLANG_WARN_INFINITE_RECURSION = YES;
				CLANG_WARN_INT_CONVERSION = YES;
				CLANG_WARN_NON_LITERAL_NULL_CONVERSION = YES;
				CLANG_WARN_OBJC_IMPLICIT_RETAIN_SELF = YES;
				CLANG_WARN_OBJC_LITERAL_CONVERSION = YES;
				CLANG_WARN_OBJC_ROOT_CLASS = YES_ERROR;
				CLANG_WARN_QUOTED_INCLUDE_IN_FRAMEWORK_HEADER = YES;
				CLANG_WARN_RANGE_LOOP_ANALYSIS = YES;
				CLANG_WARN_STRICT_PROTOTYPES = YES;
				CLANG_WARN_SUSPICIOUS_MOVE = YES;
				CLANG_WARN_UNGUARDED_AVAILABILITY = YES_AGGRESSIVE;
				CLANG_WARN_UNREACHABLE_CODE = YES;
				CLANG_WARN__DUPLICATE_METHOD_MATCH = YES;
				COPY_PHASE_STRIP = NO;
				DEBUG_INFORMATION_FORMAT = dwarf;
				ENABLE_STRICT_OBJC_MSGSEND = YES;
				ENABLE_TESTABILITY = YES;
				GCC_C_LANGUAGE_STANDARD = gnu11;
				GCC_DYNAMIC_NO_PIC = NO;
				GCC_NO_COMMON_BLOCKS = YES;
				GCC_OPTIMIZATION_LEVEL = 0;
				GCC_PREPROCESSOR_DEFINITIONS = (
					"DEBUG=1",
					"$(inherited)",
				);
				GCC_WARN_64_TO_32_BIT_CONVERSION = YES;
				GCC_WARN_ABOUT_RETURN_TYPE = YES_ERROR;
				GCC_WARN_UNDECLARED_SELECTOR = YES;
				GCC_WARN_UNINITIALIZED_AUTOS = YES_AGGRESSIVE;
				GCC_WARN_UNUSED_FUNCTION = YES;
				GCC_WARN_UNUSED_VARIABLE = YES;
				IPHONEOS_DEPLOYMENT_TARGET = 16.4;
				MTL_ENABLE_DEBUG_INFO = INCLUDE_SOURCE;
				MTL_FAST_MATH = YES;
				ONLY_ACTIVE_ARCH = YES;
				SDKROOT = iphoneos;
				SWIFT_ACTIVE_COMPILATION_CONDITIONS = DEBUG;
				SWIFT_OPTIMIZATION_LEVEL = "-Onone";
			};
			name = Debug;
		};
		C822CADA2A36203500CAA5E0 /* Release */ = {
			isa = XCBuildConfiguration;
			buildSettings = {
				ALWAYS_SEARCH_USER_PATHS = NO;
				CLANG_ANALYZER_NONNULL = YES;
				CLANG_ANALYZER_NUMBER_OBJECT_CONVERSION = YES_AGGRESSIVE;
				CLANG_CXX_LANGUAGE_STANDARD = "gnu++20";
				CLANG_ENABLE_MODULES = YES;
				CLANG_ENABLE_OBJC_ARC = YES;
				CLANG_ENABLE_OBJC_WEAK = YES;
				CLANG_WARN_BLOCK_CAPTURE_AUTORELEASING = YES;
				CLANG_WARN_BOOL_CONVERSION = YES;
				CLANG_WARN_COMMA = YES;
				CLANG_WARN_CONSTANT_CONVERSION = YES;
				CLANG_WARN_DEPRECATED_OBJC_IMPLEMENTATIONS = YES;
				CLANG_WARN_DIRECT_OBJC_ISA_USAGE = YES_ERROR;
				CLANG_WARN_DOCUMENTATION_COMMENTS = YES;
				CLANG_WARN_EMPTY_BODY = YES;
				CLANG_WARN_ENUM_CONVERSION = YES;
				CLANG_WARN_INFINITE_RECURSION = YES;
				CLANG_WARN_INT_CONVERSION = YES;
				CLANG_WARN_NON_LITERAL_NULL_CONVERSION = YES;
				CLANG_WARN_OBJC_IMPLICIT_RETAIN_SELF = YES;
				CLANG_WARN_OBJC_LITERAL_CONVERSION = YES;
				CLANG_WARN_OBJC_ROOT_CLASS = YES_ERROR;
				CLANG_WARN_QUOTED_INCLUDE_IN_FRAMEWORK_HEADER = YES;
				CLANG_WARN_RANGE_LOOP_ANALYSIS = YES;
				CLANG_WARN_STRICT_PROTOTYPES = YES;
				CLANG_WARN_SUSPICIOUS_MOVE = YES;
				CLANG_WARN_UNGUARDED_AVAILABILITY = YES_AGGRESSIVE;
				CLANG_WARN_UNREACHABLE_CODE = YES;
				CLANG_WARN__DUPLICATE_METHOD_MATCH = YES;
				COPY_PHASE_STRIP = NO;
				DEBUG_INFORMATION_FORMAT = "dwarf-with-dsym";
				ENABLE_NS_ASSERTIONS = NO;
				ENABLE_STRICT_OBJC_MSGSEND = YES;
				GCC_C_LANGUAGE_STANDARD = gnu11;
				GCC_NO_COMMON_BLOCKS = YES;
				GCC_WARN_64_TO_32_BIT_CONVERSION = YES;
				GCC_WARN_ABOUT_RETURN_TYPE = YES_ERROR;
				GCC_WARN_UNDECLARED_SELECTOR = YES;
				GCC_WARN_UNINITIALIZED_AUTOS = YES_AGGRESSIVE;
				GCC_WARN_UNUSED_FUNCTION = YES;
				GCC_WARN_UNUSED_VARIABLE = YES;
				IPHONEOS_DEPLOYMENT_TARGET = 16.4;
				MTL_ENABLE_DEBUG_INFO = NO;
				MTL_FAST_MATH = YES;
				SDKROOT = iphoneos;
				SWIFT_COMPILATION_MODE = wholemodule;
				SWIFT_OPTIMIZATION_LEVEL = "-O";
				VALIDATE_PRODUCT = YES;
			};
			name = Release;
		};
		C822CADC2A36203500CAA5E0 /* Debug */ = {
			isa = XCBuildConfiguration;
			buildSettings = {
				ASSETCATALOG_COMPILER_APPICON_NAME = AppIcon;
				ASSETCATALOG_COMPILER_GLOBAL_ACCENT_COLOR_NAME = AccentColor;
				CODE_SIGN_STYLE = Automatic;
				CURRENT_PROJECT_VERSION = 1;
				DEVELOPMENT_TEAM = 3YU35F66VY;
				GENERATE_INFOPLIST_FILE = YES;
				INFOPLIST_FILE = Musique/Info.plist;
				INFOPLIST_KEY_CFBundleDisplayName = Musique;
				INFOPLIST_KEY_LSApplicationCategoryType = "public.app-category.music";
				INFOPLIST_KEY_UIApplicationSupportsIndirectInputEvents = YES;
				INFOPLIST_KEY_UILaunchStoryboardName = LaunchScreen;
				INFOPLIST_KEY_UISupportedInterfaceOrientations = UIInterfaceOrientationPortrait;
				INFOPLIST_KEY_UISupportedInterfaceOrientations_iPad = "UIInterfaceOrientationLandscapeLeft UIInterfaceOrientationLandscapeRight UIInterfaceOrientationPortrait UIInterfaceOrientationPortraitUpsideDown";
				IPHONEOS_DEPLOYMENT_TARGET = 15.0;
				LD_RUNPATH_SEARCH_PATHS = (
					"$(inherited)",
					"@executable_path/Frameworks",
				);
				MARKETING_VERSION = 1.0;
				PRODUCT_BUNDLE_IDENTIFIER = space.jstted.Musique;
				PRODUCT_NAME = "$(TARGET_NAME)";
				SWIFT_EMIT_LOC_STRINGS = YES;
				SWIFT_VERSION = 5.0;
				TARGETED_DEVICE_FAMILY = "1,2";
			};
			name = Debug;
		};
		C822CADD2A36203500CAA5E0 /* Release */ = {
			isa = XCBuildConfiguration;
			buildSettings = {
				ASSETCATALOG_COMPILER_APPICON_NAME = AppIcon;
				ASSETCATALOG_COMPILER_GLOBAL_ACCENT_COLOR_NAME = AccentColor;
				CODE_SIGN_STYLE = Automatic;
				CURRENT_PROJECT_VERSION = 1;
				DEVELOPMENT_TEAM = 3YU35F66VY;
				GENERATE_INFOPLIST_FILE = YES;
				INFOPLIST_FILE = Musique/Info.plist;
				INFOPLIST_KEY_CFBundleDisplayName = Musique;
				INFOPLIST_KEY_LSApplicationCategoryType = "public.app-category.music";
				INFOPLIST_KEY_UIApplicationSupportsIndirectInputEvents = YES;
				INFOPLIST_KEY_UILaunchStoryboardName = LaunchScreen;
				INFOPLIST_KEY_UISupportedInterfaceOrientations = UIInterfaceOrientationPortrait;
				INFOPLIST_KEY_UISupportedInterfaceOrientations_iPad = "UIInterfaceOrientationLandscapeLeft UIInterfaceOrientationLandscapeRight UIInterfaceOrientationPortrait UIInterfaceOrientationPortraitUpsideDown";
				IPHONEOS_DEPLOYMENT_TARGET = 15.0;
				LD_RUNPATH_SEARCH_PATHS = (
					"$(inherited)",
					"@executable_path/Frameworks",
				);
				MARKETING_VERSION = 1.0;
				PRODUCT_BUNDLE_IDENTIFIER = space.jstted.Musique;
				PRODUCT_NAME = "$(TARGET_NAME)";
				SWIFT_EMIT_LOC_STRINGS = YES;
				SWIFT_VERSION = 5.0;
				TARGETED_DEVICE_FAMILY = "1,2";
			};
			name = Release;
		};
		C822CADF2A36203500CAA5E0 /* Debug */ = {
			isa = XCBuildConfiguration;
			buildSettings = {
				ALWAYS_EMBED_SWIFT_STANDARD_LIBRARIES = YES;
				BUNDLE_LOADER = "$(TEST_HOST)";
				CODE_SIGN_STYLE = Automatic;
				CURRENT_PROJECT_VERSION = 1;
				DEVELOPMENT_TEAM = 3YU35F66VY;
				GENERATE_INFOPLIST_FILE = YES;
				IPHONEOS_DEPLOYMENT_TARGET = 16.4;
				MARKETING_VERSION = 1.0;
				PRODUCT_BUNDLE_IDENTIFIER = space.jstted.MusiqueTests;
				PRODUCT_NAME = "$(TARGET_NAME)";
				SWIFT_EMIT_LOC_STRINGS = NO;
				SWIFT_VERSION = 5.0;
				TARGETED_DEVICE_FAMILY = "1,2";
				TEST_HOST = "$(BUILT_PRODUCTS_DIR)/Musique.app/$(BUNDLE_EXECUTABLE_FOLDER_PATH)/Musique";
			};
			name = Debug;
		};
		C822CAE02A36203500CAA5E0 /* Release */ = {
			isa = XCBuildConfiguration;
			buildSettings = {
				ALWAYS_EMBED_SWIFT_STANDARD_LIBRARIES = YES;
				BUNDLE_LOADER = "$(TEST_HOST)";
				CODE_SIGN_STYLE = Automatic;
				CURRENT_PROJECT_VERSION = 1;
				DEVELOPMENT_TEAM = 3YU35F66VY;
				GENERATE_INFOPLIST_FILE = YES;
				IPHONEOS_DEPLOYMENT_TARGET = 16.4;
				MARKETING_VERSION = 1.0;
				PRODUCT_BUNDLE_IDENTIFIER = space.jstted.MusiqueTests;
				PRODUCT_NAME = "$(TARGET_NAME)";
				SWIFT_EMIT_LOC_STRINGS = NO;
				SWIFT_VERSION = 5.0;
				TARGETED_DEVICE_FAMILY = "1,2";
				TEST_HOST = "$(BUILT_PRODUCTS_DIR)/Musique.app/$(BUNDLE_EXECUTABLE_FOLDER_PATH)/Musique";
			};
			name = Release;
		};
		C822CAE22A36203500CAA5E0 /* Debug */ = {
			isa = XCBuildConfiguration;
			buildSettings = {
				ALWAYS_EMBED_SWIFT_STANDARD_LIBRARIES = YES;
				CODE_SIGN_STYLE = Automatic;
				CURRENT_PROJECT_VERSION = 1;
				DEVELOPMENT_TEAM = 3YU35F66VY;
				GENERATE_INFOPLIST_FILE = YES;
				MARKETING_VERSION = 1.0;
				PRODUCT_BUNDLE_IDENTIFIER = space.jstted.MusiqueUITests;
				PRODUCT_NAME = "$(TARGET_NAME)";
				SWIFT_EMIT_LOC_STRINGS = NO;
				SWIFT_VERSION = 5.0;
				TARGETED_DEVICE_FAMILY = "1,2";
				TEST_TARGET_NAME = Musique;
			};
			name = Debug;
		};
		C822CAE32A36203500CAA5E0 /* Release */ = {
			isa = XCBuildConfiguration;
			buildSettings = {
				ALWAYS_EMBED_SWIFT_STANDARD_LIBRARIES = YES;
				CODE_SIGN_STYLE = Automatic;
				CURRENT_PROJECT_VERSION = 1;
				DEVELOPMENT_TEAM = 3YU35F66VY;
				GENERATE_INFOPLIST_FILE = YES;
				MARKETING_VERSION = 1.0;
				PRODUCT_BUNDLE_IDENTIFIER = space.jstted.MusiqueUITests;
				PRODUCT_NAME = "$(TARGET_NAME)";
				SWIFT_EMIT_LOC_STRINGS = NO;
				SWIFT_VERSION = 5.0;
				TARGETED_DEVICE_FAMILY = "1,2";
				TEST_TARGET_NAME = Musique;
			};
			name = Release;
		};
/* End XCBuildConfiguration section */

/* Begin XCConfigurationList section */
		C822CAAC2A36203200CAA5E0 /* Build configuration list for PBXProject "Musique" */ = {
			isa = XCConfigurationList;
			buildConfigurations = (
				C822CAD92A36203500CAA5E0 /* Debug */,
				C822CADA2A36203500CAA5E0 /* Release */,
			);
			defaultConfigurationIsVisible = 0;
			defaultConfigurationName = Release;
		};
		C822CADB2A36203500CAA5E0 /* Build configuration list for PBXNativeTarget "Musique" */ = {
			isa = XCConfigurationList;
			buildConfigurations = (
				C822CADC2A36203500CAA5E0 /* Debug */,
				C822CADD2A36203500CAA5E0 /* Release */,
			);
			defaultConfigurationIsVisible = 0;
			defaultConfigurationName = Release;
		};
		C822CADE2A36203500CAA5E0 /* Build configuration list for PBXNativeTarget "MusiqueTests" */ = {
			isa = XCConfigurationList;
			buildConfigurations = (
				C822CADF2A36203500CAA5E0 /* Debug */,
				C822CAE02A36203500CAA5E0 /* Release */,
			);
			defaultConfigurationIsVisible = 0;
			defaultConfigurationName = Release;
		};
		C822CAE12A36203500CAA5E0 /* Build configuration list for PBXNativeTarget "MusiqueUITests" */ = {
			isa = XCConfigurationList;
			buildConfigurations = (
				C822CAE22A36203500CAA5E0 /* Debug */,
				C822CAE32A36203500CAA5E0 /* Release */,
			);
			defaultConfigurationIsVisible = 0;
			defaultConfigurationName = Release;
		};
/* End XCConfigurationList section */

/* Begin XCRemoteSwiftPackageReference section */
		C822CAE92A362CD200CAA5E0 /* XCRemoteSwiftPackageReference "Kingfisher" */ = {
			isa = XCRemoteSwiftPackageReference;
			repositoryURL = "https://github.com/onevcat/Kingfisher";
			requirement = {
				kind = upToNextMajorVersion;
				minimumVersion = 7.0.0;
			};
		};
		C86BD8B62A362EFD00FBD6FA /* XCRemoteSwiftPackageReference "firebase-ios-sdk" */ = {
			isa = XCRemoteSwiftPackageReference;
			repositoryURL = "https://github.com/firebase/firebase-ios-sdk.git";
			requirement = {
				kind = upToNextMajorVersion;
				minimumVersion = 10.0.0;
			};
		};
		C86BD8C02A36353400FBD6FA /* XCRemoteSwiftPackageReference "realm-swift" */ = {
			isa = XCRemoteSwiftPackageReference;
			repositoryURL = "https://github.com/realm/realm-swift.git";
			requirement = {
				kind = upToNextMajorVersion;
				minimumVersion = 10.40.0;
			};
		};
/* End XCRemoteSwiftPackageReference section */

/* Begin XCSwiftPackageProductDependency section */
		C822CAEA2A362CD200CAA5E0 /* Kingfisher */ = {
			isa = XCSwiftPackageProductDependency;
			package = C822CAE92A362CD200CAA5E0 /* XCRemoteSwiftPackageReference "Kingfisher" */;
			productName = Kingfisher;
		};
		C86BD8B72A362EFD00FBD6FA /* FirebaseAuth */ = {
			isa = XCSwiftPackageProductDependency;
			package = C86BD8B62A362EFD00FBD6FA /* XCRemoteSwiftPackageReference "firebase-ios-sdk" */;
			productName = FirebaseAuth;
		};
		C86BD8C12A36353400FBD6FA /* Realm */ = {
			isa = XCSwiftPackageProductDependency;
			package = C86BD8C02A36353400FBD6FA /* XCRemoteSwiftPackageReference "realm-swift" */;
			productName = Realm;
		};
		C86BD8C32A36353400FBD6FA /* RealmSwift */ = {
			isa = XCSwiftPackageProductDependency;
			package = C86BD8C02A36353400FBD6FA /* XCRemoteSwiftPackageReference "realm-swift" */;
			productName = RealmSwift;
		};
/* End XCSwiftPackageProductDependency section */
	};
	rootObject = C822CAA92A36203200CAA5E0 /* Project object */;
}
